
Microsoft Visual Studio Solution File, Format Version 12.00
# Visual Studio Version 16
VisualStudioVersion = 16.0.28902.138
MinimumVisualStudioVersion = 10.0.40219.1
Project("{FAE04EC0-301F-11D3-BF4B-00C04F79EFBC}") = "YapaySinirAgi", "YapaySinirAgi\YapaySinirAgi.csproj", "{D90EDA59-A30C-4B99-BA12-905C28149275}"
EndProject
Global
	GlobalSection(SolutionConfigurationPlatforms) = preSolution
		Debug|Any CPU = Debug|Any CPU
		Release|Any CPU = Release|Any CPU
	EndGlobalSection
	GlobalSection(ProjectConfigurationPlatforms) = postSolution
		{D90EDA59-A30C-4B99-BA12-905C28149275}.Debug|Any CPU.ActiveCfg = Debug|Any CPU
		{D90EDA59-A30C-4B99-BA12-905C28149275}.Debug|Any CPU.Build.0 = Debug|Any CPU
		{D90EDA59-A30C-4B99-BA12-905C28149275}.Release|Any CPU.ActiveCfg = Release|Any CPU
		{D90EDA59-A30C-4B99-BA12-905C28149275}.Release|Any CPU.Build.0 = Release|Any CPU
	EndGlobalSection
	GlobalSection(SolutionProperties) = preSolution
		HideSolutionNode = FALSE
	EndGlobalSection
	GlobalSection(ExtensibilityGlobals) = postSolution
		SolutionGuid = {75D57BF7-9E9F-4D99-A0C8-2D6ACA0CF927}
	EndGlobalSection
EndGlobal
